// !$*UTF8*$!
{
	archiveVersion = 1;
	classes = {
	};
	objectVersion = 50;
	objects = {

/* Begin PBXBuildFile section */
		18AD95625DACF1FFB1367AFC /* Pods_MSW_Surf_Lodge_Search.framework in Frameworks */ = {isa = PBXBuildFile; fileRef = 569C0382B49BB4C98D1D9706 /* Pods_MSW_Surf_Lodge_Search.framework */; };
		CCBA72D939BDB2C643B9F7EE /* Pods_MSW_Surf_Lodge_Search_MSW_Surf_Lodge_SearchUITests.framework in Frameworks */ = {isa = PBXBuildFile; fileRef = ECC289B4B4339955D90CAF8A /* Pods_MSW_Surf_Lodge_Search_MSW_Surf_Lodge_SearchUITests.framework */; };
		DB9FAD6E7BECCED684A0BCA6 /* Pods_MSW_Surf_Lodge_SearchTests.framework in Frameworks */ = {isa = PBXBuildFile; fileRef = A1A7EC770C8DC328EB6C7DDD /* Pods_MSW_Surf_Lodge_SearchTests.framework */; };
		F22A2CBC2409C8A300963728 /* AppDelegate.swift in Sources */ = {isa = PBXBuildFile; fileRef = F22A2CBB2409C8A300963728 /* AppDelegate.swift */; };
		F22A2CBE2409C8A300963728 /* SceneDelegate.swift in Sources */ = {isa = PBXBuildFile; fileRef = F22A2CBD2409C8A300963728 /* SceneDelegate.swift */; };
		F22A2CC32409C8A300963728 /* Main.storyboard in Resources */ = {isa = PBXBuildFile; fileRef = F22A2CC12409C8A300963728 /* Main.storyboard */; };
		F22A2CC52409C8A400963728 /* Assets.xcassets in Resources */ = {isa = PBXBuildFile; fileRef = F22A2CC42409C8A400963728 /* Assets.xcassets */; };
		F22A2CC82409C8A400963728 /* LaunchScreen.storyboard in Resources */ = {isa = PBXBuildFile; fileRef = F22A2CC62409C8A400963728 /* LaunchScreen.storyboard */; };
		F22A2CD32409C8A500963728 /* MSW_Surf_Lodge_SearchTests.swift in Sources */ = {isa = PBXBuildFile; fileRef = F22A2CD22409C8A500963728 /* MSW_Surf_Lodge_SearchTests.swift */; };
		F22A2CDE2409C8A500963728 /* MSW_Surf_Lodge_SearchUITests.swift in Sources */ = {isa = PBXBuildFile; fileRef = F22A2CDD2409C8A500963728 /* MSW_Surf_Lodge_SearchUITests.swift */; };
		F22A2CEC2409DEA200963728 /* SearchViewController.swift in Sources */ = {isa = PBXBuildFile; fileRef = F22A2CEB2409DEA200963728 /* SearchViewController.swift */; };
		F22A2CEE2409DEAC00963728 /* ResultsViewController.swift in Sources */ = {isa = PBXBuildFile; fileRef = F22A2CED2409DEAC00963728 /* ResultsViewController.swift */; };
		F22A2CF02409E32600963728 /* Extensions.swift in Sources */ = {isa = PBXBuildFile; fileRef = F22A2CEF2409E32600963728 /* Extensions.swift */; };
		F22A2CF22409EBC500963728 /* MSWError.swift in Sources */ = {isa = PBXBuildFile; fileRef = F22A2CF12409EBC500963728 /* MSWError.swift */; };
		F22A2CF8240A5E3700963728 /* JSONDownloader.swift in Sources */ = {isa = PBXBuildFile; fileRef = F22A2CF7240A5E3700963728 /* JSONDownloader.swift */; };
		F22A2CFA240A5F5E00963728 /* Endpoint.swift in Sources */ = {isa = PBXBuildFile; fileRef = F22A2CF9240A5F5E00963728 /* Endpoint.swift */; };
		F29B5411240A6A1E006CE212 /* SurfLodge.swift in Sources */ = {isa = PBXBuildFile; fileRef = F29B5410240A6A1E006CE212 /* SurfLodge.swift */; };
		F29B5413240A6B53006CE212 /* SurfLodgeAPI.swift in Sources */ = {isa = PBXBuildFile; fileRef = F29B5412240A6B53006CE212 /* SurfLodgeAPI.swift */; };
		F29B5415240A8A77006CE212 /* LodgeTableViewCell.swift in Sources */ = {isa = PBXBuildFile; fileRef = F29B5414240A8A77006CE212 /* LodgeTableViewCell.swift */; };
/* End PBXBuildFile section */

/* Begin PBXContainerItemProxy section */
		F22A2CCF2409C8A400963728 /* PBXContainerItemProxy */ = {
			isa = PBXContainerItemProxy;
			containerPortal = F22A2CB02409C8A300963728 /* Project object */;
			proxyType = 1;
			remoteGlobalIDString = F22A2CB72409C8A300963728;
			remoteInfo = "MSW Surf Lodge Search";
		};
		F22A2CDA2409C8A500963728 /* PBXContainerItemProxy */ = {
			isa = PBXContainerItemProxy;
			containerPortal = F22A2CB02409C8A300963728 /* Project object */;
			proxyType = 1;
			remoteGlobalIDString = F22A2CB72409C8A300963728;
			remoteInfo = "MSW Surf Lodge Search";
		};
/* End PBXContainerItemProxy section */

/* Begin PBXFileReference section */
		285D05530684A5B83927EA7C /* Pods-MSW Surf Lodge Search-MSW Surf Lodge SearchUITests.release.xcconfig */ = {isa = PBXFileReference; includeInIndex = 1; lastKnownFileType = text.xcconfig; name = "Pods-MSW Surf Lodge Search-MSW Surf Lodge SearchUITests.release.xcconfig"; path = "Target Support Files/Pods-MSW Surf Lodge Search-MSW Surf Lodge SearchUITests/Pods-MSW Surf Lodge Search-MSW Surf Lodge SearchUITests.release.xcconfig"; sourceTree = "<group>"; };
		569C0382B49BB4C98D1D9706 /* Pods_MSW_Surf_Lodge_Search.framework */ = {isa = PBXFileReference; explicitFileType = wrapper.framework; includeInIndex = 0; path = Pods_MSW_Surf_Lodge_Search.framework; sourceTree = BUILT_PRODUCTS_DIR; };
		85B31703C15603A8163D719E /* Pods-MSW Surf Lodge SearchTests.debug.xcconfig */ = {isa = PBXFileReference; includeInIndex = 1; lastKnownFileType = text.xcconfig; name = "Pods-MSW Surf Lodge SearchTests.debug.xcconfig"; path = "Target Support Files/Pods-MSW Surf Lodge SearchTests/Pods-MSW Surf Lodge SearchTests.debug.xcconfig"; sourceTree = "<group>"; };
		85CD592A5B80D2F523BAB37B /* Pods-MSW Surf Lodge Search-MSW Surf Lodge SearchUITests.debug.xcconfig */ = {isa = PBXFileReference; includeInIndex = 1; lastKnownFileType = text.xcconfig; name = "Pods-MSW Surf Lodge Search-MSW Surf Lodge SearchUITests.debug.xcconfig"; path = "Target Support Files/Pods-MSW Surf Lodge Search-MSW Surf Lodge SearchUITests/Pods-MSW Surf Lodge Search-MSW Surf Lodge SearchUITests.debug.xcconfig"; sourceTree = "<group>"; };
		A1A7EC770C8DC328EB6C7DDD /* Pods_MSW_Surf_Lodge_SearchTests.framework */ = {isa = PBXFileReference; explicitFileType = wrapper.framework; includeInIndex = 0; path = Pods_MSW_Surf_Lodge_SearchTests.framework; sourceTree = BUILT_PRODUCTS_DIR; };
		AFAA00EA418CAEEA640A44AE /* Pods-MSW Surf Lodge SearchTests.release.xcconfig */ = {isa = PBXFileReference; includeInIndex = 1; lastKnownFileType = text.xcconfig; name = "Pods-MSW Surf Lodge SearchTests.release.xcconfig"; path = "Target Support Files/Pods-MSW Surf Lodge SearchTests/Pods-MSW Surf Lodge SearchTests.release.xcconfig"; sourceTree = "<group>"; };
		D838F5E08552E62110F3215B /* Pods-MSW Surf Lodge Search.release.xcconfig */ = {isa = PBXFileReference; includeInIndex = 1; lastKnownFileType = text.xcconfig; name = "Pods-MSW Surf Lodge Search.release.xcconfig"; path = "Target Support Files/Pods-MSW Surf Lodge Search/Pods-MSW Surf Lodge Search.release.xcconfig"; sourceTree = "<group>"; };
		ECC289B4B4339955D90CAF8A /* Pods_MSW_Surf_Lodge_Search_MSW_Surf_Lodge_SearchUITests.framework */ = {isa = PBXFileReference; explicitFileType = wrapper.framework; includeInIndex = 0; path = Pods_MSW_Surf_Lodge_Search_MSW_Surf_Lodge_SearchUITests.framework; sourceTree = BUILT_PRODUCTS_DIR; };
		F22A2CB82409C8A300963728 /* MSW Surf Lodge Search.app */ = {isa = PBXFileReference; explicitFileType = wrapper.application; includeInIndex = 0; path = "MSW Surf Lodge Search.app"; sourceTree = BUILT_PRODUCTS_DIR; };
		F22A2CBB2409C8A300963728 /* AppDelegate.swift */ = {isa = PBXFileReference; lastKnownFileType = sourcecode.swift; path = AppDelegate.swift; sourceTree = "<group>"; };
		F22A2CBD2409C8A300963728 /* SceneDelegate.swift */ = {isa = PBXFileReference; lastKnownFileType = sourcecode.swift; path = SceneDelegate.swift; sourceTree = "<group>"; };
		F22A2CC22409C8A300963728 /* Base */ = {isa = PBXFileReference; lastKnownFileType = file.storyboard; name = Base; path = Base.lproj/Main.storyboard; sourceTree = "<group>"; };
		F22A2CC42409C8A400963728 /* Assets.xcassets */ = {isa = PBXFileReference; lastKnownFileType = folder.assetcatalog; path = Assets.xcassets; sourceTree = "<group>"; };
		F22A2CC72409C8A400963728 /* Base */ = {isa = PBXFileReference; lastKnownFileType = file.storyboard; name = Base; path = Base.lproj/LaunchScreen.storyboard; sourceTree = "<group>"; };
		F22A2CC92409C8A400963728 /* Info.plist */ = {isa = PBXFileReference; lastKnownFileType = text.plist.xml; path = Info.plist; sourceTree = "<group>"; };
		F22A2CCE2409C8A400963728 /* MSW Surf Lodge SearchTests.xctest */ = {isa = PBXFileReference; explicitFileType = wrapper.cfbundle; includeInIndex = 0; path = "MSW Surf Lodge SearchTests.xctest"; sourceTree = BUILT_PRODUCTS_DIR; };
		F22A2CD22409C8A500963728 /* MSW_Surf_Lodge_SearchTests.swift */ = {isa = PBXFileReference; lastKnownFileType = sourcecode.swift; path = MSW_Surf_Lodge_SearchTests.swift; sourceTree = "<group>"; };
		F22A2CD42409C8A500963728 /* Info.plist */ = {isa = PBXFileReference; lastKnownFileType = text.plist.xml; path = Info.plist; sourceTree = "<group>"; };
		F22A2CD92409C8A500963728 /* MSW Surf Lodge SearchUITests.xctest */ = {isa = PBXFileReference; explicitFileType = wrapper.cfbundle; includeInIndex = 0; path = "MSW Surf Lodge SearchUITests.xctest"; sourceTree = BUILT_PRODUCTS_DIR; };
		F22A2CDD2409C8A500963728 /* MSW_Surf_Lodge_SearchUITests.swift */ = {isa = PBXFileReference; lastKnownFileType = sourcecode.swift; path = MSW_Surf_Lodge_SearchUITests.swift; sourceTree = "<group>"; };
		F22A2CDF2409C8A500963728 /* Info.plist */ = {isa = PBXFileReference; lastKnownFileType = text.plist.xml; path = Info.plist; sourceTree = "<group>"; };
		F22A2CEB2409DEA200963728 /* SearchViewController.swift */ = {isa = PBXFileReference; lastKnownFileType = sourcecode.swift; path = SearchViewController.swift; sourceTree = "<group>"; };
		F22A2CED2409DEAC00963728 /* ResultsViewController.swift */ = {isa = PBXFileReference; lastKnownFileType = sourcecode.swift; path = ResultsViewController.swift; sourceTree = "<group>"; };
		F22A2CEF2409E32600963728 /* Extensions.swift */ = {isa = PBXFileReference; lastKnownFileType = sourcecode.swift; path = Extensions.swift; sourceTree = "<group>"; };
		F22A2CF12409EBC500963728 /* MSWError.swift */ = {isa = PBXFileReference; lastKnownFileType = sourcecode.swift; path = MSWError.swift; sourceTree = "<group>"; };
		F22A2CF7240A5E3700963728 /* JSONDownloader.swift */ = {isa = PBXFileReference; lastKnownFileType = sourcecode.swift; path = JSONDownloader.swift; sourceTree = "<group>"; };
		F22A2CF9240A5F5E00963728 /* Endpoint.swift */ = {isa = PBXFileReference; lastKnownFileType = sourcecode.swift; path = Endpoint.swift; sourceTree = "<group>"; };
		F29B5410240A6A1E006CE212 /* SurfLodge.swift */ = {isa = PBXFileReference; lastKnownFileType = sourcecode.swift; path = SurfLodge.swift; sourceTree = "<group>"; };
		F29B5412240A6B53006CE212 /* SurfLodgeAPI.swift */ = {isa = PBXFileReference; lastKnownFileType = sourcecode.swift; path = SurfLodgeAPI.swift; sourceTree = "<group>"; };
		F29B5414240A8A77006CE212 /* LodgeTableViewCell.swift */ = {isa = PBXFileReference; lastKnownFileType = sourcecode.swift; path = LodgeTableViewCell.swift; sourceTree = "<group>"; };
		F3FDBE824B98DE7C3C749F9E /* Pods-MSW Surf Lodge Search.debug.xcconfig */ = {isa = PBXFileReference; includeInIndex = 1; lastKnownFileType = text.xcconfig; name = "Pods-MSW Surf Lodge Search.debug.xcconfig"; path = "Target Support Files/Pods-MSW Surf Lodge Search/Pods-MSW Surf Lodge Search.debug.xcconfig"; sourceTree = "<group>"; };
/* End PBXFileReference section */

/* Begin PBXFrameworksBuildPhase section */
		F22A2CB52409C8A300963728 /* Frameworks */ = {
			isa = PBXFrameworksBuildPhase;
			buildActionMask = 2147483647;
			files = (
				18AD95625DACF1FFB1367AFC /* Pods_MSW_Surf_Lodge_Search.framework in Frameworks */,
			);
			runOnlyForDeploymentPostprocessing = 0;
		};
		F22A2CCB2409C8A400963728 /* Frameworks */ = {
			isa = PBXFrameworksBuildPhase;
			buildActionMask = 2147483647;
			files = (
				DB9FAD6E7BECCED684A0BCA6 /* Pods_MSW_Surf_Lodge_SearchTests.framework in Frameworks */,
			);
			runOnlyForDeploymentPostprocessing = 0;
		};
		F22A2CD62409C8A500963728 /* Frameworks */ = {
			isa = PBXFrameworksBuildPhase;
			buildActionMask = 2147483647;
			files = (
				CCBA72D939BDB2C643B9F7EE /* Pods_MSW_Surf_Lodge_Search_MSW_Surf_Lodge_SearchUITests.framework in Frameworks */,
			);
			runOnlyForDeploymentPostprocessing = 0;
		};
/* End PBXFrameworksBuildPhase section */

/* Begin PBXGroup section */
		2F8C9885D07D47BCC0861AD4 /* Pods */ = {
			isa = PBXGroup;
			children = (
				F3FDBE824B98DE7C3C749F9E /* Pods-MSW Surf Lodge Search.debug.xcconfig */,
				D838F5E08552E62110F3215B /* Pods-MSW Surf Lodge Search.release.xcconfig */,
				85CD592A5B80D2F523BAB37B /* Pods-MSW Surf Lodge Search-MSW Surf Lodge SearchUITests.debug.xcconfig */,
				285D05530684A5B83927EA7C /* Pods-MSW Surf Lodge Search-MSW Surf Lodge SearchUITests.release.xcconfig */,
				85B31703C15603A8163D719E /* Pods-MSW Surf Lodge SearchTests.debug.xcconfig */,
				AFAA00EA418CAEEA640A44AE /* Pods-MSW Surf Lodge SearchTests.release.xcconfig */,
			);
			path = Pods;
			sourceTree = "<group>";
		};
		4E28D88E2555B51C2DA7C892 /* Frameworks */ = {
			isa = PBXGroup;
			children = (
				569C0382B49BB4C98D1D9706 /* Pods_MSW_Surf_Lodge_Search.framework */,
				ECC289B4B4339955D90CAF8A /* Pods_MSW_Surf_Lodge_Search_MSW_Surf_Lodge_SearchUITests.framework */,
				A1A7EC770C8DC328EB6C7DDD /* Pods_MSW_Surf_Lodge_SearchTests.framework */,
			);
			name = Frameworks;
			sourceTree = "<group>";
		};
		F22A2CAF2409C8A300963728 = {
			isa = PBXGroup;
			children = (
				F22A2CBA2409C8A300963728 /* MSW Surf Lodge Search */,
				F22A2CD12409C8A500963728 /* MSW Surf Lodge SearchTests */,
				F22A2CDC2409C8A500963728 /* MSW Surf Lodge SearchUITests */,
				F22A2CB92409C8A300963728 /* Products */,
				2F8C9885D07D47BCC0861AD4 /* Pods */,
				4E28D88E2555B51C2DA7C892 /* Frameworks */,
			);
			sourceTree = "<group>";
		};
		F22A2CB92409C8A300963728 /* Products */ = {
			isa = PBXGroup;
			children = (
				F22A2CB82409C8A300963728 /* MSW Surf Lodge Search.app */,
				F22A2CCE2409C8A400963728 /* MSW Surf Lodge SearchTests.xctest */,
				F22A2CD92409C8A500963728 /* MSW Surf Lodge SearchUITests.xctest */,
			);
			name = Products;
			sourceTree = "<group>";
		};
		F22A2CBA2409C8A300963728 /* MSW Surf Lodge Search */ = {
			isa = PBXGroup;
			children = (
				F22A2CF3240A5DE300963728 /* Models */,
				F22A2CF4240A5DF800963728 /* Views */,
				F22A2CF5240A5DFD00963728 /* Controllers */,
				F22A2CF6240A5E2800963728 /* Networking */,
				F22A2CBB2409C8A300963728 /* AppDelegate.swift */,
				F22A2CBD2409C8A300963728 /* SceneDelegate.swift */,
				F22A2CC12409C8A300963728 /* Main.storyboard */,
				F22A2CC42409C8A400963728 /* Assets.xcassets */,
				F22A2CC62409C8A400963728 /* LaunchScreen.storyboard */,
				F22A2CC92409C8A400963728 /* Info.plist */,
			);
			path = "MSW Surf Lodge Search";
			sourceTree = "<group>";
		};
		F22A2CD12409C8A500963728 /* MSW Surf Lodge SearchTests */ = {
			isa = PBXGroup;
			children = (
				F22A2CD22409C8A500963728 /* MSW_Surf_Lodge_SearchTests.swift */,
				F22A2CD42409C8A500963728 /* Info.plist */,
			);
			path = "MSW Surf Lodge SearchTests";
			sourceTree = "<group>";
		};
		F22A2CDC2409C8A500963728 /* MSW Surf Lodge SearchUITests */ = {
			isa = PBXGroup;
			children = (
				F22A2CDD2409C8A500963728 /* MSW_Surf_Lodge_SearchUITests.swift */,
				F22A2CDF2409C8A500963728 /* Info.plist */,
			);
			path = "MSW Surf Lodge SearchUITests";
			sourceTree = "<group>";
		};
		F22A2CF3240A5DE300963728 /* Models */ = {
			isa = PBXGroup;
			children = (
				F22A2CF12409EBC500963728 /* MSWError.swift */,
				F22A2CEF2409E32600963728 /* Extensions.swift */,
				F29B5410240A6A1E006CE212 /* SurfLodge.swift */,
			);
			path = Models;
			sourceTree = "<group>";
		};
		F22A2CF4240A5DF800963728 /* Views */ = {
			isa = PBXGroup;
			children = (
				F29B5414240A8A77006CE212 /* LodgeTableViewCell.swift */,
			);
			path = Views;
			sourceTree = "<group>";
		};
		F22A2CF5240A5DFD00963728 /* Controllers */ = {
			isa = PBXGroup;
			children = (
				F22A2CEB2409DEA200963728 /* SearchViewController.swift */,
				F22A2CED2409DEAC00963728 /* ResultsViewController.swift */,
			);
			path = Controllers;
			sourceTree = "<group>";
		};
		F22A2CF6240A5E2800963728 /* Networking */ = {
			isa = PBXGroup;
			children = (
				F22A2CF7240A5E3700963728 /* JSONDownloader.swift */,
				F22A2CF9240A5F5E00963728 /* Endpoint.swift */,
				F29B5412240A6B53006CE212 /* SurfLodgeAPI.swift */,
			);
			path = Networking;
			sourceTree = "<group>";
		};
/* End PBXGroup section */

/* Begin PBXNativeTarget section */
		F22A2CB72409C8A300963728 /* MSW Surf Lodge Search */ = {
			isa = PBXNativeTarget;
			buildConfigurationList = F22A2CE22409C8A500963728 /* Build configuration list for PBXNativeTarget "MSW Surf Lodge Search" */;
			buildPhases = (
				731734995C4AC340FA01502F /* [CP] Check Pods Manifest.lock */,
				F22A2CB42409C8A300963728 /* Sources */,
				F22A2CB52409C8A300963728 /* Frameworks */,
				F22A2CB62409C8A300963728 /* Resources */,
				F23BD23C2447EA3700EC1FB4 /* ShellScript */,
			);
			buildRules = (
			);
			dependencies = (
			);
			name = "MSW Surf Lodge Search";
			productName = "MSW Surf Lodge Search";
			productReference = F22A2CB82409C8A300963728 /* MSW Surf Lodge Search.app */;
			productType = "com.apple.product-type.application";
		};
		F22A2CCD2409C8A400963728 /* MSW Surf Lodge SearchTests */ = {
			isa = PBXNativeTarget;
			buildConfigurationList = F22A2CE52409C8A500963728 /* Build configuration list for PBXNativeTarget "MSW Surf Lodge SearchTests" */;
			buildPhases = (
				2DF526EE10F207827DF85640 /* [CP] Check Pods Manifest.lock */,
				F22A2CCA2409C8A400963728 /* Sources */,
				F22A2CCB2409C8A400963728 /* Frameworks */,
				F22A2CCC2409C8A400963728 /* Resources */,
			);
			buildRules = (
			);
			dependencies = (
				F22A2CD02409C8A400963728 /* PBXTargetDependency */,
			);
			name = "MSW Surf Lodge SearchTests";
			productName = "MSW Surf Lodge SearchTests";
			productReference = F22A2CCE2409C8A400963728 /* MSW Surf Lodge SearchTests.xctest */;
			productType = "com.apple.product-type.bundle.unit-test";
		};
		F22A2CD82409C8A500963728 /* MSW Surf Lodge SearchUITests */ = {
			isa = PBXNativeTarget;
			buildConfigurationList = F22A2CE82409C8A500963728 /* Build configuration list for PBXNativeTarget "MSW Surf Lodge SearchUITests" */;
			buildPhases = (
				8AB4382A607AFDEB6E0E3CA6 /* [CP] Check Pods Manifest.lock */,
				F22A2CD52409C8A500963728 /* Sources */,
				F22A2CD62409C8A500963728 /* Frameworks */,
				F22A2CD72409C8A500963728 /* Resources */,
			);
			buildRules = (
			);
			dependencies = (
				F22A2CDB2409C8A500963728 /* PBXTargetDependency */,
			);
			name = "MSW Surf Lodge SearchUITests";
			productName = "MSW Surf Lodge SearchUITests";
			productReference = F22A2CD92409C8A500963728 /* MSW Surf Lodge SearchUITests.xctest */;
			productType = "com.apple.product-type.bundle.ui-testing";
		};
/* End PBXNativeTarget section */

/* Begin PBXProject section */
		F22A2CB02409C8A300963728 /* Project object */ = {
			isa = PBXProject;
			attributes = {
				LastSwiftUpdateCheck = 1130;
				LastUpgradeCheck = 1130;
				ORGANIZATIONNAME = "Tom Bastable";
				TargetAttributes = {
					F22A2CB72409C8A300963728 = {
						CreatedOnToolsVersion = 11.3;
					};
					F22A2CCD2409C8A400963728 = {
						CreatedOnToolsVersion = 11.3;
						TestTargetID = F22A2CB72409C8A300963728;
					};
					F22A2CD82409C8A500963728 = {
						CreatedOnToolsVersion = 11.3;
						TestTargetID = F22A2CB72409C8A300963728;
					};
				};
			};
			buildConfigurationList = F22A2CB32409C8A300963728 /* Build configuration list for PBXProject "MSW Surf Lodge Search" */;
			compatibilityVersion = "Xcode 9.3";
			developmentRegion = en;
			hasScannedForEncodings = 0;
			knownRegions = (
				en,
				Base,
			);
			mainGroup = F22A2CAF2409C8A300963728;
			productRefGroup = F22A2CB92409C8A300963728 /* Products */;
			projectDirPath = "";
			projectRoot = "";
			targets = (
				F22A2CB72409C8A300963728 /* MSW Surf Lodge Search */,
				F22A2CCD2409C8A400963728 /* MSW Surf Lodge SearchTests */,
				F22A2CD82409C8A500963728 /* MSW Surf Lodge SearchUITests */,
			);
		};
/* End PBXProject section */

/* Begin PBXResourcesBuildPhase section */
		F22A2CB62409C8A300963728 /* Resources */ = {
			isa = PBXResourcesBuildPhase;
			buildActionMask = 2147483647;
			files = (
				F22A2CC82409C8A400963728 /* LaunchScreen.storyboard in Resources */,
				F22A2CC52409C8A400963728 /* Assets.xcassets in Resources */,
				F22A2CC32409C8A300963728 /* Main.storyboard in Resources */,
			);
			runOnlyForDeploymentPostprocessing = 0;
		};
		F22A2CCC2409C8A400963728 /* Resources */ = {
			isa = PBXResourcesBuildPhase;
			buildActionMask = 2147483647;
			files = (
			);
			runOnlyForDeploymentPostprocessing = 0;
		};
		F22A2CD72409C8A500963728 /* Resources */ = {
			isa = PBXResourcesBuildPhase;
			buildActionMask = 2147483647;
			files = (
			);
			runOnlyForDeploymentPostprocessing = 0;
		};
/* End PBXResourcesBuildPhase section */

/* Begin PBXShellScriptBuildPhase section */
		2DF526EE10F207827DF85640 /* [CP] Check Pods Manifest.lock */ = {
			isa = PBXShellScriptBuildPhase;
			buildActionMask = 2147483647;
			files = (
			);
			inputFileListPaths = (
			);
			inputPaths = (
				"${PODS_PODFILE_DIR_PATH}/Podfile.lock",
				"${PODS_ROOT}/Manifest.lock",
			);
			name = "[CP] Check Pods Manifest.lock";
			outputFileListPaths = (
			);
			outputPaths = (
				"$(DERIVED_FILE_DIR)/Pods-MSW Surf Lodge SearchTests-checkManifestLockResult.txt",
			);
			runOnlyForDeploymentPostprocessing = 0;
			shellPath = /bin/sh;
			shellScript = "diff \"${PODS_PODFILE_DIR_PATH}/Podfile.lock\" \"${PODS_ROOT}/Manifest.lock\" > /dev/null\nif [ $? != 0 ] ; then\n    # print error to STDERR\n    echo \"error: The sandbox is not in sync with the Podfile.lock. Run 'pod install' or update your CocoaPods installation.\" >&2\n    exit 1\nfi\n# This output is used by Xcode 'outputs' to avoid re-running this script phase.\necho \"SUCCESS\" > \"${SCRIPT_OUTPUT_FILE_0}\"\n";
			showEnvVarsInLog = 0;
		};
		731734995C4AC340FA01502F /* [CP] Check Pods Manifest.lock */ = {
			isa = PBXShellScriptBuildPhase;
			buildActionMask = 2147483647;
			files = (
			);
			inputFileListPaths = (
			);
			inputPaths = (
				"${PODS_PODFILE_DIR_PATH}/Podfile.lock",
				"${PODS_ROOT}/Manifest.lock",
			);
			name = "[CP] Check Pods Manifest.lock";
			outputFileListPaths = (
			);
			outputPaths = (
				"$(DERIVED_FILE_DIR)/Pods-MSW Surf Lodge Search-checkManifestLockResult.txt",
			);
			runOnlyForDeploymentPostprocessing = 0;
			shellPath = /bin/sh;
			shellScript = "diff \"${PODS_PODFILE_DIR_PATH}/Podfile.lock\" \"${PODS_ROOT}/Manifest.lock\" > /dev/null\nif [ $? != 0 ] ; then\n    # print error to STDERR\n    echo \"error: The sandbox is not in sync with the Podfile.lock. Run 'pod install' or update your CocoaPods installation.\" >&2\n    exit 1\nfi\n# This output is used by Xcode 'outputs' to avoid re-running this script phase.\necho \"SUCCESS\" > \"${SCRIPT_OUTPUT_FILE_0}\"\n";
			showEnvVarsInLog = 0;
		};
		8AB4382A607AFDEB6E0E3CA6 /* [CP] Check Pods Manifest.lock */ = {
			isa = PBXShellScriptBuildPhase;
			buildActionMask = 2147483647;
			files = (
			);
			inputFileListPaths = (
			);
			inputPaths = (
				"${PODS_PODFILE_DIR_PATH}/Podfile.lock",
				"${PODS_ROOT}/Manifest.lock",
			);
			name = "[CP] Check Pods Manifest.lock";
			outputFileListPaths = (
			);
			outputPaths = (
				"$(DERIVED_FILE_DIR)/Pods-MSW Surf Lodge Search-MSW Surf Lodge SearchUITests-checkManifestLockResult.txt",
			);
			runOnlyForDeploymentPostprocessing = 0;
			shellPath = /bin/sh;
			shellScript = "diff \"${PODS_PODFILE_DIR_PATH}/Podfile.lock\" \"${PODS_ROOT}/Manifest.lock\" > /dev/null\nif [ $? != 0 ] ; then\n    # print error to STDERR\n    echo \"error: The sandbox is not in sync with the Podfile.lock. Run 'pod install' or update your CocoaPods installation.\" >&2\n    exit 1\nfi\n# This output is used by Xcode 'outputs' to avoid re-running this script phase.\necho \"SUCCESS\" > \"${SCRIPT_OUTPUT_FILE_0}\"\n";
			showEnvVarsInLog = 0;
		};
		F23BD23C2447EA3700EC1FB4 /* ShellScript */ = {
			isa = PBXShellScriptBuildPhase;
			buildActionMask = 2147483647;
			files = (
			);
			inputFileListPaths = (
			);
			inputPaths = (
			);
			outputFileListPaths = (
			);
			outputPaths = (
			);
			runOnlyForDeploymentPostprocessing = 0;
			shellPath = /bin/sh;
			shellScript = "if which swiftlint >/dev/null; then\n  swiftlint\nelse\n  echo \"warning: SwiftLint not installed, download from https://github.com/realm/SwiftLint\"\nfi\n";
		};
/* End PBXShellScriptBuildPhase section */

/* Begin PBXSourcesBuildPhase section */
		F22A2CB42409C8A300963728 /* Sources */ = {
			isa = PBXSourcesBuildPhase;
			buildActionMask = 2147483647;
			files = (
				F29B5415240A8A77006CE212 /* LodgeTableViewCell.swift in Sources */,
				F22A2CF8240A5E3700963728 /* JSONDownloader.swift in Sources */,
				F22A2CF02409E32600963728 /* Extensions.swift in Sources */,
				F22A2CFA240A5F5E00963728 /* Endpoint.swift in Sources */,
				F22A2CEC2409DEA200963728 /* SearchViewController.swift in Sources */,
				F29B5413240A6B53006CE212 /* SurfLodgeAPI.swift in Sources */,
				F22A2CF22409EBC500963728 /* MSWError.swift in Sources */,
				F22A2CBC2409C8A300963728 /* AppDelegate.swift in Sources */,
				F22A2CBE2409C8A300963728 /* SceneDelegate.swift in Sources */,
				F29B5411240A6A1E006CE212 /* SurfLodge.swift in Sources */,
				F22A2CEE2409DEAC00963728 /* ResultsViewController.swift in Sources */,
			);
			runOnlyForDeploymentPostprocessing = 0;
		};
		F22A2CCA2409C8A400963728 /* Sources */ = {
			isa = PBXSourcesBuildPhase;
			buildActionMask = 2147483647;
			files = (
				F22A2CD32409C8A500963728 /* MSW_Surf_Lodge_SearchTests.swift in Sources */,
			);
			runOnlyForDeploymentPostprocessing = 0;
		};
		F22A2CD52409C8A500963728 /* Sources */ = {
			isa = PBXSourcesBuildPhase;
			buildActionMask = 2147483647;
			files = (
				F22A2CDE2409C8A500963728 /* MSW_Surf_Lodge_SearchUITests.swift in Sources */,
			);
			runOnlyForDeploymentPostprocessing = 0;
		};
/* End PBXSourcesBuildPhase section */

/* Begin PBXTargetDependency section */
		F22A2CD02409C8A400963728 /* PBXTargetDependency */ = {
			isa = PBXTargetDependency;
			target = F22A2CB72409C8A300963728 /* MSW Surf Lodge Search */;
			targetProxy = F22A2CCF2409C8A400963728 /* PBXContainerItemProxy */;
		};
		F22A2CDB2409C8A500963728 /* PBXTargetDependency */ = {
			isa = PBXTargetDependency;
			target = F22A2CB72409C8A300963728 /* MSW Surf Lodge Search */;
			targetProxy = F22A2CDA2409C8A500963728 /* PBXContainerItemProxy */;
		};
/* End PBXTargetDependency section */

/* Begin PBXVariantGroup section */
		F22A2CC12409C8A300963728 /* Main.storyboard */ = {
			isa = PBXVariantGroup;
			children = (
				F22A2CC22409C8A300963728 /* Base */,
			);
			name = Main.storyboard;
			sourceTree = "<group>";
		};
		F22A2CC62409C8A400963728 /* LaunchScreen.storyboard */ = {
			isa = PBXVariantGroup;
			children = (
				F22A2CC72409C8A400963728 /* Base */,
			);
			name = LaunchScreen.storyboard;
			sourceTree = "<group>";
		};
/* End PBXVariantGroup section */

/* Begin XCBuildConfiguration section */
		F22A2CE02409C8A500963728 /* Debug */ = {
			isa = XCBuildConfiguration;
			buildSettings = {
				ALWAYS_SEARCH_USER_PATHS = NO;
				CLANG_ANALYZER_NONNULL = YES;
				CLANG_ANALYZER_NUMBER_OBJECT_CONVERSION = YES_AGGRESSIVE;
				CLANG_CXX_LANGUAGE_STANDARD = "gnu++14";
				CLANG_CXX_LIBRARY = "libc++";
				CLANG_ENABLE_MODULES = YES;
				CLANG_ENABLE_OBJC_ARC = YES;
				CLANG_ENABLE_OBJC_WEAK = YES;
				CLANG_WARN_BLOCK_CAPTURE_AUTORELEASING = YES;
				CLANG_WARN_BOOL_CONVERSION = YES;
				CLANG_WARN_COMMA = YES;
				CLANG_WARN_CONSTANT_CONVERSION = YES;
				CLANG_WARN_DEPRECATED_OBJC_IMPLEMENTATIONS = YES;
				CLANG_WARN_DIRECT_OBJC_ISA_USAGE = YES_ERROR;
				CLANG_WARN_DOCUMENTATION_COMMENTS = YES;
				CLANG_WARN_EMPTY_BODY = YES;
				CLANG_WARN_ENUM_CONVERSION = YES;
				CLANG_WARN_INFINITE_RECURSION = YES;
				CLANG_WARN_INT_CONVERSION = YES;
				CLANG_WARN_NON_LITERAL_NULL_CONVERSION = YES;
				CLANG_WARN_OBJC_IMPLICIT_RETAIN_SELF = YES;
				CLANG_WARN_OBJC_LITERAL_CONVERSION = YES;
				CLANG_WARN_OBJC_ROOT_CLASS = YES_ERROR;
				CLANG_WARN_RANGE_LOOP_ANALYSIS = YES;
				CLANG_WARN_STRICT_PROTOTYPES = YES;
				CLANG_WARN_SUSPICIOUS_MOVE = YES;
				CLANG_WARN_UNGUARDED_AVAILABILITY = YES_AGGRESSIVE;
				CLANG_WARN_UNREACHABLE_CODE = YES;
				CLANG_WARN__DUPLICATE_METHOD_MATCH = YES;
				COPY_PHASE_STRIP = NO;
				DEBUG_INFORMATION_FORMAT = dwarf;
				ENABLE_STRICT_OBJC_MSGSEND = YES;
				ENABLE_TESTABILITY = YES;
				GCC_C_LANGUAGE_STANDARD = gnu11;
				GCC_DYNAMIC_NO_PIC = NO;
				GCC_NO_COMMON_BLOCKS = YES;
				GCC_OPTIMIZATION_LEVEL = 0;
				GCC_PREPROCESSOR_DEFINITIONS = (
					"DEBUG=1",
					"$(inherited)",
				);
				GCC_WARN_64_TO_32_BIT_CONVERSION = YES;
				GCC_WARN_ABOUT_RETURN_TYPE = YES_ERROR;
				GCC_WARN_UNDECLARED_SELECTOR = YES;
				GCC_WARN_UNINITIALIZED_AUTOS = YES_AGGRESSIVE;
				GCC_WARN_UNUSED_FUNCTION = YES;
				GCC_WARN_UNUSED_VARIABLE = YES;
				IPHONEOS_DEPLOYMENT_TARGET = 13.2;
				MTL_ENABLE_DEBUG_INFO = INCLUDE_SOURCE;
				MTL_FAST_MATH = YES;
				ONLY_ACTIVE_ARCH = YES;
				SDKROOT = iphoneos;
				SWIFT_ACTIVE_COMPILATION_CONDITIONS = DEBUG;
				SWIFT_OPTIMIZATION_LEVEL = "-Onone";
			};
			name = Debug;
		};
		F22A2CE12409C8A500963728 /* Release */ = {
			isa = XCBuildConfiguration;
			buildSettings = {
				ALWAYS_SEARCH_USER_PATHS = NO;
				CLANG_ANALYZER_NONNULL = YES;
				CLANG_ANALYZER_NUMBER_OBJECT_CONVERSION = YES_AGGRESSIVE;
				CLANG_CXX_LANGUAGE_STANDARD = "gnu++14";
				CLANG_CXX_LIBRARY = "libc++";
				CLANG_ENABLE_MODULES = YES;
				CLANG_ENABLE_OBJC_ARC = YES;
				CLANG_ENABLE_OBJC_WEAK = YES;
				CLANG_WARN_BLOCK_CAPTURE_AUTORELEASING = YES;
				CLANG_WARN_BOOL_CONVERSION = YES;
				CLANG_WARN_COMMA = YES;
				CLANG_WARN_CONSTANT_CONVERSION = YES;
				CLANG_WARN_DEPRECATED_OBJC_IMPLEMENTATIONS = YES;
				CLANG_WARN_DIRECT_OBJC_ISA_USAGE = YES_ERROR;
				CLANG_WARN_DOCUMENTATION_COMMENTS = YES;
				CLANG_WARN_EMPTY_BODY = YES;
				CLANG_WARN_ENUM_CONVERSION = YES;
				CLANG_WARN_INFINITE_RECURSION = YES;
				CLANG_WARN_INT_CONVERSION = YES;
				CLANG_WARN_NON_LITERAL_NULL_CONVERSION = YES;
				CLANG_WARN_OBJC_IMPLICIT_RETAIN_SELF = YES;
				CLANG_WARN_OBJC_LITERAL_CONVERSION = YES;
				CLANG_WARN_OBJC_ROOT_CLASS = YES_ERROR;
				CLANG_WARN_RANGE_LOOP_ANALYSIS = YES;
				CLANG_WARN_STRICT_PROTOTYPES = YES;
				CLANG_WARN_SUSPICIOUS_MOVE = YES;
				CLANG_WARN_UNGUARDED_AVAILABILITY = YES_AGGRESSIVE;
				CLANG_WARN_UNREACHABLE_CODE = YES;
				CLANG_WARN__DUPLICATE_METHOD_MATCH = YES;
				COPY_PHASE_STRIP = NO;
				DEBUG_INFORMATION_FORMAT = "dwarf-with-dsym";
				ENABLE_NS_ASSERTIONS = NO;
				ENABLE_STRICT_OBJC_MSGSEND = YES;
				GCC_C_LANGUAGE_STANDARD = gnu11;
				GCC_NO_COMMON_BLOCKS = YES;
				GCC_WARN_64_TO_32_BIT_CONVERSION = YES;
				GCC_WARN_ABOUT_RETURN_TYPE = YES_ERROR;
				GCC_WARN_UNDECLARED_SELECTOR = YES;
				GCC_WARN_UNINITIALIZED_AUTOS = YES_AGGRESSIVE;
				GCC_WARN_UNUSED_FUNCTION = YES;
				GCC_WARN_UNUSED_VARIABLE = YES;
				IPHONEOS_DEPLOYMENT_TARGET = 13.2;
				MTL_ENABLE_DEBUG_INFO = NO;
				MTL_FAST_MATH = YES;
				SDKROOT = iphoneos;
				SWIFT_COMPILATION_MODE = wholemodule;
				SWIFT_OPTIMIZATION_LEVEL = "-O";
				VALIDATE_PRODUCT = YES;
			};
			name = Release;
		};
		F22A2CE32409C8A500963728 /* Debug */ = {
			isa = XCBuildConfiguration;
			baseConfigurationReference = F3FDBE824B98DE7C3C749F9E /* Pods-MSW Surf Lodge Search.debug.xcconfig */;
			buildSettings = {
				ASSETCATALOG_COMPILER_APPICON_NAME = AppIcon;
				CODE_SIGN_STYLE = Automatic;
				DEVELOPMENT_TEAM = 947BDAE7U7;
				INFOPLIST_FILE = "MSW Surf Lodge Search/Info.plist";
				IPHONEOS_DEPLOYMENT_TARGET = 13.0;
				LD_RUNPATH_SEARCH_PATHS = (
					"$(inherited)",
					"@executable_path/Frameworks",
				);
				PRODUCT_BUNDLE_IDENTIFIER = "Bedhair.MSW-Surf-Lodge-Search";
				PRODUCT_NAME = "$(TARGET_NAME)";
				SWIFT_VERSION = 5.0;
				TARGETED_DEVICE_FAMILY = "1,2";
			};
			name = Debug;
		};
		F22A2CE42409C8A500963728 /* Release */ = {
			isa = XCBuildConfiguration;
			baseConfigurationReference = D838F5E08552E62110F3215B /* Pods-MSW Surf Lodge Search.release.xcconfig */;
			buildSettings = {
				ASSETCATALOG_COMPILER_APPICON_NAME = AppIcon;
				CODE_SIGN_STYLE = Automatic;
				DEVELOPMENT_TEAM = 947BDAE7U7;
				INFOPLIST_FILE = "MSW Surf Lodge Search/Info.plist";
				IPHONEOS_DEPLOYMENT_TARGET = 13.0;
				LD_RUNPATH_SEARCH_PATHS = (
					"$(inherited)",
					"@executable_path/Frameworks",
				);
				PRODUCT_BUNDLE_IDENTIFIER = "Bedhair.MSW-Surf-Lodge-Search";
				PRODUCT_NAME = "$(TARGET_NAME)";
				SWIFT_VERSION = 5.0;
				TARGETED_DEVICE_FAMILY = "1,2";
			};
			name = Release;
		};
		F22A2CE62409C8A500963728 /* Debug */ = {
			isa = XCBuildConfiguration;
			baseConfigurationReference = 85B31703C15603A8163D719E /* Pods-MSW Surf Lodge SearchTests.debug.xcconfig */;
			buildSettings = {
				ALWAYS_EMBED_SWIFT_STANDARD_LIBRARIES = YES;
				BUNDLE_LOADER = "$(TEST_HOST)";
				CODE_SIGN_STYLE = Automatic;
				DEVELOPMENT_TEAM = 947BDAE7U7;
				INFOPLIST_FILE = "MSW Surf Lodge SearchTests/Info.plist";
				IPHONEOS_DEPLOYMENT_TARGET = 13.2;
				LD_RUNPATH_SEARCH_PATHS = (
					"$(inherited)",
					"@executable_path/Frameworks",
					"@loader_path/Frameworks",
				);
				PRODUCT_BUNDLE_IDENTIFIER = "Bedhair.MSW-Surf-Lodge-SearchTests";
				PRODUCT_NAME = "$(TARGET_NAME)";
				SWIFT_VERSION = 5.0;
				TARGETED_DEVICE_FAMILY = "1,2";
				TEST_HOST = "$(BUILT_PRODUCTS_DIR)/MSW Surf Lodge Search.app/MSW Surf Lodge Search";
			};
			name = Debug;
		};
		F22A2CE72409C8A500963728 /* Release */ = {
			isa = XCBuildConfiguration;
			baseConfigurationReference = AFAA00EA418CAEEA640A44AE /* Pods-MSW Surf Lodge SearchTests.release.xcconfig */;
			buildSettings = {
				ALWAYS_EMBED_SWIFT_STANDARD_LIBRARIES = YES;
				BUNDLE_LOADER = "$(TEST_HOST)";
				CODE_SIGN_STYLE = Automatic;
				DEVELOPMENT_TEAM = 947BDAE7U7;
				INFOPLIST_FILE = "MSW Surf Lodge SearchTests/Info.plist";
				IPHONEOS_DEPLOYMENT_TARGET = 13.2;
				LD_RUNPATH_SEARCH_PATHS = (
					"$(inherited)",
					"@executable_path/Frameworks",
					"@loader_path/Frameworks",
				);
				PRODUCT_BUNDLE_IDENTIFIER = "Bedhair.MSW-Surf-Lodge-SearchTests";
				PRODUCT_NAME = "$(TARGET_NAME)";
				SWIFT_VERSION = 5.0;
				TARGETED_DEVICE_FAMILY = "1,2";
				TEST_HOST = "$(BUILT_PRODUCTS_DIR)/MSW Surf Lodge Search.app/MSW Surf Lodge Search";
			};
			name = Release;
		};
		F22A2CE92409C8A500963728 /* Debug */ = {
			isa = XCBuildConfiguration;
			baseConfigurationReference = 85CD592A5B80D2F523BAB37B /* Pods-MSW Surf Lodge Search-MSW Surf Lodge SearchUITests.debug.xcconfig */;
			buildSettings = {
				ALWAYS_EMBED_SWIFT_STANDARD_LIBRARIES = YES;
				CODE_SIGN_STYLE = Automatic;
				DEVELOPMENT_TEAM = 947BDAE7U7;
				INFOPLIST_FILE = "MSW Surf Lodge SearchUITests/Info.plist";
				LD_RUNPATH_SEARCH_PATHS = (
					"$(inherited)",
					"@executable_path/Frameworks",
					"@loader_path/Frameworks",
				);
				PRODUCT_BUNDLE_IDENTIFIER = "Bedhair.MSW-Surf-Lodge-SearchUITests";
				PRODUCT_NAME = "$(TARGET_NAME)";
				SWIFT_VERSION = 5.0;
				TARGETED_DEVICE_FAMILY = "1,2";
				TEST_TARGET_NAME = "MSW Surf Lodge Search";
			};
			name = Debug;
		};
		F22A2CEA2409C8A500963728 /* Release */ = {
			isa = XCBuildConfiguration;
			baseConfigurationReference = 285D05530684A5B83927EA7C /* Pods-MSW Surf Lodge Search-MSW Surf Lodge SearchUITests.release.xcconfig */;
			buildSettings = {
				ALWAYS_EMBED_SWIFT_STANDARD_LIBRARIES = YES;
				CODE_SIGN_STYLE = Automatic;
				DEVELOPMENT_TEAM = 947BDAE7U7;
				INFOPLIST_FILE = "MSW Surf Lodge SearchUITests/Info.plist";
				LD_RUNPATH_SEARCH_PATHS = (
					"$(inherited)",
					"@executable_path/Frameworks",
					"@loader_path/Frameworks",
				);
				PRODUCT_BUNDLE_IDENTIFIER = "Bedhair.MSW-Surf-Lodge-SearchUITests";
				PRODUCT_NAME = "$(TARGET_NAME)";
				SWIFT_VERSION = 5.0;
				TARGETED_DEVICE_FAMILY = "1,2";
				TEST_TARGET_NAME = "MSW Surf Lodge Search";
			};
			name = Release;
		};
/* End XCBuildConfiguration section */

/* Begin XCConfigurationList section */
		F22A2CB32409C8A300963728 /* Build configuration list for PBXProject "MSW Surf Lodge Search" */ = {
			isa = XCConfigurationList;
			buildConfigurations = (
				F22A2CE02409C8A500963728 /* Debug */,
				F22A2CE12409C8A500963728 /* Release */,
			);
			defaultConfigurationIsVisible = 0;
			defaultConfigurationName = Release;
		};
		F22A2CE22409C8A500963728 /* Build configuration list for PBXNativeTarget "MSW Surf Lodge Search" */ = {
			isa = XCConfigurationList;
			buildConfigurations = (
				F22A2CE32409C8A500963728 /* Debug */,
				F22A2CE42409C8A500963728 /* Release */,
			);
			defaultConfigurationIsVisible = 0;
			defaultConfigurationName = Release;
		};
		F22A2CE52409C8A500963728 /* Build configuration list for PBXNativeTarget "MSW Surf Lodge SearchTests" */ = {
			isa = XCConfigurationList;
			buildConfigurations = (
				F22A2CE62409C8A500963728 /* Debug */,
				F22A2CE72409C8A500963728 /* Release */,
			);
			defaultConfigurationIsVisible = 0;
			defaultConfigurationName = Release;
		};
		F22A2CE82409C8A500963728 /* Build configuration list for PBXNativeTarget "MSW Surf Lodge SearchUITests" */ = {
			isa = XCConfigurationList;
			buildConfigurations = (
				F22A2CE92409C8A500963728 /* Debug */,
				F22A2CEA2409C8A500963728 /* Release */,
			);
			defaultConfigurationIsVisible = 0;
			defaultConfigurationName = Release;
		};
/* End XCConfigurationList section */
	};
	rootObject = F22A2CB02409C8A300963728 /* Project object */;
}
